
Microsoft Visual Studio Solution File, Format Version 12.00
# Visual Studio Version 16
VisualStudioVersion = 16.0.30503.244
MinimumVisualStudioVersion = 10.0.40219.1
Project("{FAE04EC0-301F-11D3-BF4B-00C04F79EFBC}") = "Proyecto1", "Proyecto1\Proyecto1.csproj", "{3A071F82-15E0-4F12-ACF0-6D2FDDADB9F3}"
EndProject
Project("{FAE04EC0-301F-11D3-BF4B-00C04F79EFBC}") = "Proyecto2", "Proyecto2\Proyecto2.csproj", "{39673216-F505-40B3-9D4F-B5B3840794C2}"
EndProject
Project("{FAE04EC0-301F-11D3-BF4B-00C04F79EFBC}") = "Proyecto3", "Proyecto3\Proyecto3.csproj", "{A5E0B5F6-713D-4C50-BFC9-6491710BE245}"
EndProject
Global
	GlobalSection(SolutionConfigurationPlatforms) = preSolution
		Debug|Any CPU = Debug|Any CPU
		Release|Any CPU = Release|Any CPU
	EndGlobalSection
	GlobalSection(ProjectConfigurationPlatforms) = postSolution
		{3A071F82-15E0-4F12-ACF0-6D2FDDADB9F3}.Debug|Any CPU.ActiveCfg = Debug|Any CPU
		{3A071F82-15E0-4F12-ACF0-6D2FDDADB9F3}.Debug|Any CPU.Build.0 = Debug|Any CPU
		{3A071F82-15E0-4F12-ACF0-6D2FDDADB9F3}.Release|Any CPU.ActiveCfg = Release|Any CPU
		{3A071F82-15E0-4F12-ACF0-6D2FDDADB9F3}.Release|Any CPU.Build.0 = Release|Any CPU
		{39673216-F505-40B3-9D4F-B5B3840794C2}.Debug|Any CPU.ActiveCfg = Debug|Any CPU
		{39673216-F505-40B3-9D4F-B5B3840794C2}.Debug|Any CPU.Build.0 = Debug|Any CPU
		{39673216-F505-40B3-9D4F-B5B3840794C2}.Release|Any CPU.ActiveCfg = Release|Any CPU
		{39673216-F505-40B3-9D4F-B5B3840794C2}.Release|Any CPU.Build.0 = Release|Any CPU
		{A5E0B5F6-713D-4C50-BFC9-6491710BE245}.Debug|Any CPU.ActiveCfg = Debug|Any CPU
		{A5E0B5F6-713D-4C50-BFC9-6491710BE245}.Debug|Any CPU.Build.0 = Debug|Any CPU
		{A5E0B5F6-713D-4C50-BFC9-6491710BE245}.Release|Any CPU.ActiveCfg = Release|Any CPU
		{A5E0B5F6-713D-4C50-BFC9-6491710BE245}.Release|Any CPU.Build.0 = Release|Any CPU
	EndGlobalSection
	GlobalSection(SolutionProperties) = preSolution
		HideSolutionNode = FALSE
	EndGlobalSection
	GlobalSection(ExtensibilityGlobals) = postSolution
		SolutionGuid = {75A82B88-3DD8-4C7B-A850-93F303265E02}
	EndGlobalSection
EndGlobal
