
Microsoft Visual Studio Solution File, Format Version 12.00
# Visual Studio Version 16
VisualStudioVersion = 16.0.30503.244
MinimumVisualStudioVersion = 10.0.40219.1
Project("{FAE04EC0-301F-11D3-BF4B-00C04F79EFBC}") = "Consola.Q2", "Consola.Q2\Consola.Q2.csproj", "{78208812-F82B-40A5-98CF-A276B9F97397}"
EndProject
Project("{FAE04EC0-301F-11D3-BF4B-00C04F79EFBC}") = "ClassLibrary", "ClassLibrary1\ClassLibrary.csproj", "{04974AC5-ED45-49E9-9992-5611C0FA8D48}"
EndProject
Global
	GlobalSection(SolutionConfigurationPlatforms) = preSolution
		Debug|Any CPU = Debug|Any CPU
		Release|Any CPU = Release|Any CPU
	EndGlobalSection
	GlobalSection(ProjectConfigurationPlatforms) = postSolution
		{78208812-F82B-40A5-98CF-A276B9F97397}.Debug|Any CPU.ActiveCfg = Debug|Any CPU
		{78208812-F82B-40A5-98CF-A276B9F97397}.Debug|Any CPU.Build.0 = Debug|Any CPU
		{78208812-F82B-40A5-98CF-A276B9F97397}.Release|Any CPU.ActiveCfg = Release|Any CPU
		{78208812-F82B-40A5-98CF-A276B9F97397}.Release|Any CPU.Build.0 = Release|Any CPU
		{04974AC5-ED45-49E9-9992-5611C0FA8D48}.Debug|Any CPU.ActiveCfg = Debug|Any CPU
		{04974AC5-ED45-49E9-9992-5611C0FA8D48}.Debug|Any CPU.Build.0 = Debug|Any CPU
		{04974AC5-ED45-49E9-9992-5611C0FA8D48}.Release|Any CPU.ActiveCfg = Release|Any CPU
		{04974AC5-ED45-49E9-9992-5611C0FA8D48}.Release|Any CPU.Build.0 = Release|Any CPU
	EndGlobalSection
	GlobalSection(SolutionProperties) = preSolution
		HideSolutionNode = FALSE
	EndGlobalSection
	GlobalSection(ExtensibilityGlobals) = postSolution
		SolutionGuid = {4EB17FBD-53C5-41BB-9AD1-6BAC300E2F05}
	EndGlobalSection
EndGlobal
